
Microsoft Visual Studio Solution File, Format Version 12.00
# Visual Studio 2013
VisualStudioVersion = 12.0.21005.1
MinimumVisualStudioVersion = 10.0.40219.1
Project("{FAE04EC0-301F-11D3-BF4B-00C04F79EFBC}") = "Bookings.Engine", "bookings.engine\Bookings.Engine.csproj", "{49C0F012-6EC7-4955-B728-CBA89E760861}"
EndProject
Project("{FAE04EC0-301F-11D3-BF4B-00C04F79EFBC}") = "Bookings.Specs", "bookings.specs\Bookings.Specs.csproj", "{06C281D7-953D-42BE-9F80-BF926BD8BF1D}"
EndProject
Global
	GlobalSection(SolutionConfigurationPlatforms) = preSolution
		Debug|Any CPU = Debug|Any CPU
		Release|Any CPU = Release|Any CPU
	EndGlobalSection
	GlobalSection(ProjectConfigurationPlatforms) = postSolution
		{49C0F012-6EC7-4955-B728-CBA89E760861}.Debug|Any CPU.ActiveCfg = Debug|Any CPU
		{49C0F012-6EC7-4955-B728-CBA89E760861}.Debug|Any CPU.Build.0 = Debug|Any CPU
		{49C0F012-6EC7-4955-B728-CBA89E760861}.Release|Any CPU.ActiveCfg = Release|Any CPU
		{49C0F012-6EC7-4955-B728-CBA89E760861}.Release|Any CPU.Build.0 = Release|Any CPU
		{06C281D7-953D-42BE-9F80-BF926BD8BF1D}.Debug|Any CPU.ActiveCfg = Debug|Any CPU
		{06C281D7-953D-42BE-9F80-BF926BD8BF1D}.Debug|Any CPU.Build.0 = Debug|Any CPU
		{06C281D7-953D-42BE-9F80-BF926BD8BF1D}.Release|Any CPU.ActiveCfg = Release|Any CPU
		{06C281D7-953D-42BE-9F80-BF926BD8BF1D}.Release|Any CPU.Build.0 = Release|Any CPU
	EndGlobalSection
	GlobalSection(SolutionProperties) = preSolution
		HideSolutionNode = FALSE
	EndGlobalSection
EndGlobal
